// !$*UTF8*$!
{
	archiveVersion = 1;
	classes = {
	};
	objectVersion = 46;
	objects = {

/* Begin PBXBuildFile section */
		14C44FC5170179E1009E8DD6 /* Cocoa.framework in Frameworks */ = {isa = PBXBuildFile; fileRef = 14C44FC4170179E1009E8DD6 /* Cocoa.framework */; };
		14C44FCF170179E1009E8DD6 /* InfoPlist.strings in Resources */ = {isa = PBXBuildFile; fileRef = 14C44FCD170179E1009E8DD6 /* InfoPlist.strings */; };
		14C44FD1170179E1009E8DD6 /* main.m in Sources */ = {isa = PBXBuildFile; fileRef = 14C44FD0170179E1009E8DD6 /* main.m */; };
		14C44FD5170179E1009E8DD6 /* Credits.rtf in Resources */ = {isa = PBXBuildFile; fileRef = 14C44FD3170179E1009E8DD6 /* Credits.rtf */; };
		14C44FD8170179E1009E8DD6 /* AppDelegate.m in Sources */ = {isa = PBXBuildFile; fileRef = 14C44FD7170179E1009E8DD6 /* AppDelegate.m */; };
		14C44FDB170179E1009E8DD6 /* MainMenu.xib in Resources */ = {isa = PBXBuildFile; fileRef = 14C44FD9170179E1009E8DD6 /* MainMenu.xib */; };
/* End PBXBuildFile section */

/* Begin PBXFileReference section */
		14C44FC1170179E1009E8DD6 /* GCDWebServer_Mac.app */ = {isa = PBXFileReference; explicitFileType = wrapper.application; includeInIndex = 0; path = GCDWebServer_Mac.app; sourceTree = BUILT_PRODUCTS_DIR; };
		14C44FC4170179E1009E8DD6 /* Cocoa.framework */ = {isa = PBXFileReference; lastKnownFileType = wrapper.framework; name = Cocoa.framework; path = System/Library/Frameworks/Cocoa.framework; sourceTree = SDKROOT; };
		14C44FC7170179E1009E8DD6 /* AppKit.framework */ = {isa = PBXFileReference; lastKnownFileType = wrapper.framework; name = AppKit.framework; path = System/Library/Frameworks/AppKit.framework; sourceTree = SDKROOT; };
		14C44FC8170179E1009E8DD6 /* CoreData.framework */ = {isa = PBXFileReference; lastKnownFileType = wrapper.framework; name = CoreData.framework; path = System/Library/Frameworks/CoreData.framework; sourceTree = SDKROOT; };
		14C44FC9170179E1009E8DD6 /* Foundation.framework */ = {isa = PBXFileReference; lastKnownFileType = wrapper.framework; name = Foundation.framework; path = System/Library/Frameworks/Foundation.framework; sourceTree = SDKROOT; };
		14C44FCC170179E1009E8DD6 /* GCDWebServer_Mac-Info.plist */ = {isa = PBXFileReference; lastKnownFileType = text.plist.xml; path = "GCDWebServer_Mac-Info.plist"; sourceTree = "<group>"; };
		14C44FCE170179E1009E8DD6 /* en */ = {isa = PBXFileReference; lastKnownFileType = text.plist.strings; name = en; path = en.lproj/InfoPlist.strings; sourceTree = "<group>"; };
		14C44FD0170179E1009E8DD6 /* main.m */ = {isa = PBXFileReference; lastKnownFileType = sourcecode.c.objc; path = main.m; sourceTree = "<group>"; };
		14C44FD2170179E1009E8DD6 /* GCDWebServer_Mac-Prefix.pch */ = {isa = PBXFileReference; lastKnownFileType = sourcecode.c.h; path = "GCDWebServer_Mac-Prefix.pch"; sourceTree = "<group>"; };
		14C44FD4170179E1009E8DD6 /* en */ = {isa = PBXFileReference; lastKnownFileType = text.rtf; name = en; path = en.lproj/Credits.rtf; sourceTree = "<group>"; };
		14C44FD6170179E1009E8DD6 /* AppDelegate.h */ = {isa = PBXFileReference; lastKnownFileType = sourcecode.c.h; path = AppDelegate.h; sourceTree = "<group>"; };
		14C44FD7170179E1009E8DD6 /* AppDelegate.m */ = {isa = PBXFileReference; lastKnownFileType = sourcecode.c.objc; path = AppDelegate.m; sourceTree = "<group>"; };
		14C44FDA170179E1009E8DD6 /* en */ = {isa = PBXFileReference; lastKnownFileType = file.xib; name = en; path = en.lproj/MainMenu.xib; sourceTree = "<group>"; };
/* End PBXFileReference section */

/* Begin PBXFrameworksBuildPhase section */
		14C44FBE170179E1009E8DD6 /* Frameworks */ = {
			isa = PBXFrameworksBuildPhase;
			buildActionMask = 2147483647;
			files = (
				14C44FC5170179E1009E8DD6 /* Cocoa.framework in Frameworks */,
			);
			runOnlyForDeploymentPostprocessing = 0;
		};
/* End PBXFrameworksBuildPhase section */

/* Begin PBXGroup section */
		14C44FB8170179E1009E8DD6 = {
			isa = PBXGroup;
			children = (
				14C44FCA170179E1009E8DD6 /* GCDWebServer_Mac */,
				14C44FC3170179E1009E8DD6 /* Frameworks */,
				14C44FC2170179E1009E8DD6 /* Products */,
			);
			sourceTree = "<group>";
		};
		14C44FC2170179E1009E8DD6 /* Products */ = {
			isa = PBXGroup;
			children = (
				14C44FC1170179E1009E8DD6 /* GCDWebServer_Mac.app */,
			);
			name = Products;
			sourceTree = "<group>";
		};
		14C44FC3170179E1009E8DD6 /* Frameworks */ = {
			isa = PBXGroup;
			children = (
				14C44FC4170179E1009E8DD6 /* Cocoa.framework */,
				14C44FC6170179E1009E8DD6 /* Other Frameworks */,
			);
			name = Frameworks;
			sourceTree = "<group>";
		};
		14C44FC6170179E1009E8DD6 /* Other Frameworks */ = {
			isa = PBXGroup;
			children = (
				14C44FC7170179E1009E8DD6 /* AppKit.framework */,
				14C44FC8170179E1009E8DD6 /* CoreData.framework */,
				14C44FC9170179E1009E8DD6 /* Foundation.framework */,
			);
			name = "Other Frameworks";
			sourceTree = "<group>";
		};
		14C44FCA170179E1009E8DD6 /* GCDWebServer_Mac */ = {
			isa = PBXGroup;
			children = (
				14C44FD6170179E1009E8DD6 /* AppDelegate.h */,
				14C44FD7170179E1009E8DD6 /* AppDelegate.m */,
				14C44FD9170179E1009E8DD6 /* MainMenu.xib */,
				14C44FCB170179E1009E8DD6 /* Supporting Files */,
			);
			path = GCDWebServer_Mac;
			sourceTree = "<group>";
		};
		14C44FCB170179E1009E8DD6 /* Supporting Files */ = {
			isa = PBXGroup;
			children = (
				14C44FCC170179E1009E8DD6 /* GCDWebServer_Mac-Info.plist */,
				14C44FCD170179E1009E8DD6 /* InfoPlist.strings */,
				14C44FD0170179E1009E8DD6 /* main.m */,
				14C44FD2170179E1009E8DD6 /* GCDWebServer_Mac-Prefix.pch */,
				14C44FD3170179E1009E8DD6 /* Credits.rtf */,
			);
			name = "Supporting Files";
			sourceTree = "<group>";
		};
/* End PBXGroup section */

/* Begin PBXNativeTarget section */
		14C44FC0170179E1009E8DD6 /* GCDWebServer_Mac */ = {
			isa = PBXNativeTarget;
			buildConfigurationList = 14C44FDE170179E1009E8DD6 /* Build configuration list for PBXNativeTarget "GCDWebServer_Mac" */;
			buildPhases = (
				14C44FBD170179E1009E8DD6 /* Sources */,
				14C44FBE170179E1009E8DD6 /* Frameworks */,
				14C44FBF170179E1009E8DD6 /* Resources */,
			);
			buildRules = (
			);
			dependencies = (
			);
			name = GCDWebServer_Mac;
			productName = GCDWebServer_Mac;
			productReference = 14C44FC1170179E1009E8DD6 /* GCDWebServer_Mac.app */;
			productType = "com.apple.product-type.application";
		};
/* End PBXNativeTarget section */

/* Begin PBXProject section */
		14C44FB9170179E1009E8DD6 /* Project object */ = {
			isa = PBXProject;
			attributes = {
				LastUpgradeCheck = 0460;
				ORGANIZATIONNAME = sonson;
			};
			buildConfigurationList = 14C44FBC170179E1009E8DD6 /* Build configuration list for PBXProject "GCDWebServer_Mac" */;
			compatibilityVersion = "Xcode 3.2";
			developmentRegion = English;
			hasScannedForEncodings = 0;
			knownRegions = (
				en,
			);
			mainGroup = 14C44FB8170179E1009E8DD6;
			productRefGroup = 14C44FC2170179E1009E8DD6 /* Products */;
			projectDirPath = "";
			projectRoot = "";
			targets = (
				14C44FC0170179E1009E8DD6 /* GCDWebServer_Mac */,
			);
		};
/* End PBXProject section */

/* Begin PBXResourcesBuildPhase section */
		14C44FBF170179E1009E8DD6 /* Resources */ = {
			isa = PBXResourcesBuildPhase;
			buildActionMask = 2147483647;
			files = (
				14C44FCF170179E1009E8DD6 /* InfoPlist.strings in Resources */,
				14C44FD5170179E1009E8DD6 /* Credits.rtf in Resources */,
				14C44FDB170179E1009E8DD6 /* MainMenu.xib in Resources */,
			);
			runOnlyForDeploymentPostprocessing = 0;
		};
/* End PBXResourcesBuildPhase section */

/* Begin PBXSourcesBuildPhase section */
		14C44FBD170179E1009E8DD6 /* Sources */ = {
			isa = PBXSourcesBuildPhase;
			buildActionMask = 2147483647;
			files = (
				14C44FD1170179E1009E8DD6 /* main.m in Sources */,
				14C44FD8170179E1009E8DD6 /* AppDelegate.m in Sources */,
			);
			runOnlyForDeploymentPostprocessing = 0;
		};
/* End PBXSourcesBuildPhase section */

/* Begin PBXVariantGroup section */
		14C44FCD170179E1009E8DD6 /* InfoPlist.strings */ = {
			isa = PBXVariantGroup;
			children = (
				14C44FCE170179E1009E8DD6 /* en */,
			);
			name = InfoPlist.strings;
			sourceTree = "<group>";
		};
		14C44FD3170179E1009E8DD6 /* Credits.rtf */ = {
			isa = PBXVariantGroup;
			children = (
				14C44FD4170179E1009E8DD6 /* en */,
			);
			name = Credits.rtf;
			sourceTree = "<group>";
		};
		14C44FD9170179E1009E8DD6 /* MainMenu.xib */ = {
			isa = PBXVariantGroup;
			children = (
				14C44FDA170179E1009E8DD6 /* en */,
			);
			name = MainMenu.xib;
			sourceTree = "<group>";
		};
/* End PBXVariantGroup section */

/* Begin XCBuildConfiguration section */
		14C44FDC170179E1009E8DD6 /* Debug */ = {
			isa = XCBuildConfiguration;
			buildSettings = {
				ALWAYS_SEARCH_USER_PATHS = NO;
				ARCHS = "$(ARCHS_STANDARD_64_BIT)";
				CLANG_CXX_LANGUAGE_STANDARD = "gnu++0x";
				CLANG_CXX_LIBRARY = "libc++";
				CLANG_ENABLE_OBJC_ARC = YES;
				CLANG_WARN_CONSTANT_CONVERSION = YES;
				CLANG_WARN_EMPTY_BODY = YES;
				CLANG_WARN_ENUM_CONVERSION = YES;
				CLANG_WARN_INT_CONVERSION = YES;
				CLANG_WARN__DUPLICATE_METHOD_MATCH = YES;
				COPY_PHASE_STRIP = NO;
				GCC_C_LANGUAGE_STANDARD = gnu99;
				GCC_DYNAMIC_NO_PIC = NO;
				GCC_ENABLE_OBJC_EXCEPTIONS = YES;
				GCC_OPTIMIZATION_LEVEL = 0;
				GCC_PREPROCESSOR_DEFINITIONS = (
					"DEBUG=1",
					"$(inherited)",
				);
				GCC_SYMBOLS_PRIVATE_EXTERN = NO;
				GCC_WARN_64_TO_32_BIT_CONVERSION = YES;
				GCC_WARN_ABOUT_RETURN_TYPE = YES;
				GCC_WARN_UNINITIALIZED_AUTOS = YES;
				GCC_WARN_UNUSED_VARIABLE = YES;
				MACOSX_DEPLOYMENT_TARGET = 10.8;
				ONLY_ACTIVE_ARCH = YES;
				SDKROOT = macosx;
			};
			name = Debug;
		};
		14C44FDD170179E1009E8DD6 /* Release */ = {
			isa = XCBuildConfiguration;
			buildSettings = {
				ALWAYS_SEARCH_USER_PATHS = NO;
				ARCHS = "$(ARCHS_STANDARD_64_BIT)";
				CLANG_CXX_LANGUAGE_STANDARD = "gnu++0x";
				CLANG_CXX_LIBRARY = "libc++";
				CLANG_ENABLE_OBJC_ARC = YES;
				CLANG_WARN_CONSTANT_CONVERSION = YES;
				CLANG_WARN_EMPTY_BODY = YES;
				CLANG_WARN_ENUM_CONVERSION = YES;
				CLANG_WARN_INT_CONVERSION = YES;
				CLANG_WARN__DUPLICATE_METHOD_MATCH = YES;
				COPY_PHASE_STRIP = YES;
				DEBUG_INFORMATION_FORMAT = "dwarf-with-dsym";
				GCC_C_LANGUAGE_STANDARD = gnu99;
				GCC_ENABLE_OBJC_EXCEPTIONS = YES;
				GCC_WARN_64_TO_32_BIT_CONVERSION = YES;
				GCC_WARN_ABOUT_RETURN_TYPE = YES;
				GCC_WARN_UNINITIALIZED_AUTOS = YES;
				GCC_WARN_UNUSED_VARIABLE = YES;
				MACOSX_DEPLOYMENT_TARGET = 10.8;
				SDKROOT = macosx;
			};
			name = Release;
		};
		14C44FDF170179E1009E8DD6 /* Debug */ = {
			isa = XCBuildConfiguration;
			buildSettings = {
				COMBINE_HIDPI_IMAGES = YES;
				GCC_PRECOMPILE_PREFIX_HEADER = YES;
				GCC_PREFIX_HEADER = "GCDWebServer_Mac/GCDWebServer_Mac-Prefix.pch";
				INFOPLIST_FILE = "GCDWebServer_Mac/GCDWebServer_Mac-Info.plist";
				PRODUCT_NAME = "$(TARGET_NAME)";
				WRAPPER_EXTENSION = app;
			};
			name = Debug;
		};
		14C44FE0170179E1009E8DD6 /* Release */ = {
			isa = XCBuildConfiguration;
			buildSettings = {
				COMBINE_HIDPI_IMAGES = YES;
				GCC_PRECOMPILE_PREFIX_HEADER = YES;
				GCC_PREFIX_HEADER = "GCDWebServer_Mac/GCDWebServer_Mac-Prefix.pch";
				INFOPLIST_FILE = "GCDWebServer_Mac/GCDWebServer_Mac-Info.plist";
				PRODUCT_NAME = "$(TARGET_NAME)";
				WRAPPER_EXTENSION = app;
			};
			name = Release;
		};
/* End XCBuildConfiguration section */

/* Begin XCConfigurationList section */
		14C44FBC170179E1009E8DD6 /* Build configuration list for PBXProject "GCDWebServer_Mac" */ = {
			isa = XCConfigurationList;
			buildConfigurations = (
				14C44FDC170179E1009E8DD6 /* Debug */,
				14C44FDD170179E1009E8DD6 /* Release */,
			);
			defaultConfigurationIsVisible = 0;
			defaultConfigurationName = Release;
		};
		14C44FDE170179E1009E8DD6 /* Build configuration list for PBXNativeTarget "GCDWebServer_Mac" */ = {
			isa = XCConfigurationList;
			buildConfigurations = (
				14C44FDF170179E1009E8DD6 /* Debug */,
				14C44FE0170179E1009E8DD6 /* Release */,
			);
			defaultConfigurationIsVisible = 0;
		};
/* End XCConfigurationList section */
	};
	rootObject = 14C44FB9170179E1009E8DD6 /* Project object */;
}
