// !$*UTF8*$!
{
	archiveVersion = 1;
	classes = {
	};
	objectVersion = 46;
	objects = {

/* Begin PBXBuildFile section */
		144CEA3D1701783500FADC10 /* UIKit.framework in Frameworks */ = {isa = PBXBuildFile; fileRef = 144CEA3C1701783500FADC10 /* UIKit.framework */; };
		144CEA3F1701783500FADC10 /* Foundation.framework in Frameworks */ = {isa = PBXBuildFile; fileRef = 144CEA3E1701783500FADC10 /* Foundation.framework */; };
		144CEA411701783500FADC10 /* CoreGraphics.framework in Frameworks */ = {isa = PBXBuildFile; fileRef = 144CEA401701783500FADC10 /* CoreGraphics.framework */; };
		144CEA471701783500FADC10 /* InfoPlist.strings in Resources */ = {isa = PBXBuildFile; fileRef = 144CEA451701783500FADC10 /* InfoPlist.strings */; };
		144CEA491701783500FADC10 /* main.m in Sources */ = {isa = PBXBuildFile; fileRef = 144CEA481701783500FADC10 /* main.m */; };
		144CEA4D1701783500FADC10 /* AppDelegate.m in Sources */ = {isa = PBXBuildFile; fileRef = 144CEA4C1701783500FADC10 /* AppDelegate.m */; };
		144CEA4F1701783500FADC10 /* Default.png in Resources */ = {isa = PBXBuildFile; fileRef = 144CEA4E1701783500FADC10 /* Default.png */; };
		144CEA511701783500FADC10 /* Default@2x.png in Resources */ = {isa = PBXBuildFile; fileRef = 144CEA501701783500FADC10 /* Default@2x.png */; };
		144CEA531701783500FADC10 /* Default-568h@2x.png in Resources */ = {isa = PBXBuildFile; fileRef = 144CEA521701783500FADC10 /* Default-568h@2x.png */; };
		144CEA561701783500FADC10 /* MainStoryboard_iPhone.storyboard in Resources */ = {isa = PBXBuildFile; fileRef = 144CEA541701783500FADC10 /* MainStoryboard_iPhone.storyboard */; };
		144CEA591701783500FADC10 /* MainStoryboard_iPad.storyboard in Resources */ = {isa = PBXBuildFile; fileRef = 144CEA571701783500FADC10 /* MainStoryboard_iPad.storyboard */; };
		144CEA5C1701783500FADC10 /* ViewController.m in Sources */ = {isa = PBXBuildFile; fileRef = 144CEA5B1701783500FADC10 /* ViewController.m */; };
		14C44FE7170179F9009E8DD6 /* Cocoa.framework in Frameworks */ = {isa = PBXBuildFile; fileRef = 14C44FE6170179F9009E8DD6 /* Cocoa.framework */; };
		14C44FF1170179F9009E8DD6 /* InfoPlist.strings in Resources */ = {isa = PBXBuildFile; fileRef = 14C44FEF170179F9009E8DD6 /* InfoPlist.strings */; };
		14C44FF3170179F9009E8DD6 /* main.m in Sources */ = {isa = PBXBuildFile; fileRef = 14C44FF2170179F9009E8DD6 /* main.m */; };
		14C44FF7170179F9009E8DD6 /* Credits.rtf in Resources */ = {isa = PBXBuildFile; fileRef = 14C44FF5170179F9009E8DD6 /* Credits.rtf */; };
		14C44FFA170179F9009E8DD6 /* AppDelegate.m in Sources */ = {isa = PBXBuildFile; fileRef = 14C44FF9170179F9009E8DD6 /* AppDelegate.m */; };
		14C44FFD170179FA009E8DD6 /* MainMenu.xib in Resources */ = {isa = PBXBuildFile; fileRef = 14C44FFB170179FA009E8DD6 /* MainMenu.xib */; };
		14C4500D17017A7D009E8DD6 /* GCDWebServer.m in Sources */ = {isa = PBXBuildFile; fileRef = 14C4500517017A7D009E8DD6 /* GCDWebServer.m */; };
		14C4500E17017A7D009E8DD6 /* GCDWebServer.m in Sources */ = {isa = PBXBuildFile; fileRef = 14C4500517017A7D009E8DD6 /* GCDWebServer.m */; };
		14C4500F17017A7D009E8DD6 /* GCDWebServerConnection.m in Sources */ = {isa = PBXBuildFile; fileRef = 14C4500717017A7D009E8DD6 /* GCDWebServerConnection.m */; settings = {COMPILER_FLAGS = " -fno-objc-arc"; }; };
		14C4501017017A7D009E8DD6 /* GCDWebServerConnection.m in Sources */ = {isa = PBXBuildFile; fileRef = 14C4500717017A7D009E8DD6 /* GCDWebServerConnection.m */; };
		14C4501117017A7D009E8DD6 /* GCDWebServerRequest.m in Sources */ = {isa = PBXBuildFile; fileRef = 14C4500A17017A7D009E8DD6 /* GCDWebServerRequest.m */; };
		14C4501217017A7D009E8DD6 /* GCDWebServerRequest.m in Sources */ = {isa = PBXBuildFile; fileRef = 14C4500A17017A7D009E8DD6 /* GCDWebServerRequest.m */; };
		14C4501317017A7D009E8DD6 /* GCDWebServerResponse.m in Sources */ = {isa = PBXBuildFile; fileRef = 14C4500C17017A7D009E8DD6 /* GCDWebServerResponse.m */; };
		14C4501417017A7D009E8DD6 /* GCDWebServerResponse.m in Sources */ = {isa = PBXBuildFile; fileRef = 14C4500C17017A7D009E8DD6 /* GCDWebServerResponse.m */; };
		14FDC15717023F64003EF42C /* CFNetwork.framework in Frameworks */ = {isa = PBXBuildFile; fileRef = 14FDC15617023F64003EF42C /* CFNetwork.framework */; };
		14FDC15917023F6A003EF42C /* MobileCoreServices.framework in Frameworks */ = {isa = PBXBuildFile; fileRef = 14FDC15817023F6A003EF42C /* MobileCoreServices.framework */; };
/* End PBXBuildFile section */

/* Begin PBXFileReference section */
		144CEA391701783500FADC10 /* GCDWebServer_iOS.app */ = {isa = PBXFileReference; explicitFileType = wrapper.application; includeInIndex = 0; path = GCDWebServer_iOS.app; sourceTree = BUILT_PRODUCTS_DIR; };
		144CEA3C1701783500FADC10 /* UIKit.framework */ = {isa = PBXFileReference; lastKnownFileType = wrapper.framework; name = UIKit.framework; path = System/Library/Frameworks/UIKit.framework; sourceTree = SDKROOT; };
		144CEA3E1701783500FADC10 /* Foundation.framework */ = {isa = PBXFileReference; lastKnownFileType = wrapper.framework; name = Foundation.framework; path = System/Library/Frameworks/Foundation.framework; sourceTree = SDKROOT; };
		144CEA401701783500FADC10 /* CoreGraphics.framework */ = {isa = PBXFileReference; lastKnownFileType = wrapper.framework; name = CoreGraphics.framework; path = System/Library/Frameworks/CoreGraphics.framework; sourceTree = SDKROOT; };
		144CEA441701783500FADC10 /* GCDWebServer_iOS-Info.plist */ = {isa = PBXFileReference; lastKnownFileType = text.plist.xml; path = "GCDWebServer_iOS-Info.plist"; sourceTree = "<group>"; };
		144CEA461701783500FADC10 /* en */ = {isa = PBXFileReference; lastKnownFileType = text.plist.strings; name = en; path = en.lproj/InfoPlist.strings; sourceTree = "<group>"; };
		144CEA481701783500FADC10 /* main.m */ = {isa = PBXFileReference; lastKnownFileType = sourcecode.c.objc; path = main.m; sourceTree = "<group>"; };
		144CEA4A1701783500FADC10 /* GCDWebServer_iOS-Prefix.pch */ = {isa = PBXFileReference; lastKnownFileType = sourcecode.c.h; path = "GCDWebServer_iOS-Prefix.pch"; sourceTree = "<group>"; };
		144CEA4B1701783500FADC10 /* AppDelegate.h */ = {isa = PBXFileReference; lastKnownFileType = sourcecode.c.h; path = AppDelegate.h; sourceTree = "<group>"; };
		144CEA4C1701783500FADC10 /* AppDelegate.m */ = {isa = PBXFileReference; lastKnownFileType = sourcecode.c.objc; path = AppDelegate.m; sourceTree = "<group>"; };
		144CEA4E1701783500FADC10 /* Default.png */ = {isa = PBXFileReference; lastKnownFileType = image.png; path = Default.png; sourceTree = "<group>"; };
		144CEA501701783500FADC10 /* Default@2x.png */ = {isa = PBXFileReference; lastKnownFileType = image.png; path = "Default@2x.png"; sourceTree = "<group>"; };
		144CEA521701783500FADC10 /* Default-568h@2x.png */ = {isa = PBXFileReference; lastKnownFileType = image.png; path = "Default-568h@2x.png"; sourceTree = "<group>"; };
		144CEA551701783500FADC10 /* en */ = {isa = PBXFileReference; lastKnownFileType = file.storyboard; name = en; path = en.lproj/MainStoryboard_iPhone.storyboard; sourceTree = "<group>"; };
		144CEA581701783500FADC10 /* en */ = {isa = PBXFileReference; lastKnownFileType = file.storyboard; name = en; path = en.lproj/MainStoryboard_iPad.storyboard; sourceTree = "<group>"; };
		144CEA5A1701783500FADC10 /* ViewController.h */ = {isa = PBXFileReference; lastKnownFileType = sourcecode.c.h; path = ViewController.h; sourceTree = "<group>"; };
		144CEA5B1701783500FADC10 /* ViewController.m */ = {isa = PBXFileReference; lastKnownFileType = sourcecode.c.objc; path = ViewController.m; sourceTree = "<group>"; };
		14C44FE5170179F9009E8DD6 /* GCDWebServer_Mac.app */ = {isa = PBXFileReference; explicitFileType = wrapper.application; includeInIndex = 0; path = GCDWebServer_Mac.app; sourceTree = BUILT_PRODUCTS_DIR; };
		14C44FE6170179F9009E8DD6 /* Cocoa.framework */ = {isa = PBXFileReference; lastKnownFileType = wrapper.framework; name = Cocoa.framework; path = Library/Frameworks/Cocoa.framework; sourceTree = DEVELOPER_DIR; };
		14C44FE9170179F9009E8DD6 /* AppKit.framework */ = {isa = PBXFileReference; lastKnownFileType = wrapper.framework; name = AppKit.framework; path = Library/Frameworks/AppKit.framework; sourceTree = SDKROOT; };
		14C44FEB170179F9009E8DD6 /* Foundation.framework */ = {isa = PBXFileReference; lastKnownFileType = wrapper.framework; name = Foundation.framework; path = Library/Frameworks/Foundation.framework; sourceTree = SDKROOT; };
		14C44FEE170179F9009E8DD6 /* GCDWebServer_Mac-Info.plist */ = {isa = PBXFileReference; lastKnownFileType = text.plist.xml; path = "GCDWebServer_Mac-Info.plist"; sourceTree = "<group>"; };
		14C44FF0170179F9009E8DD6 /* en */ = {isa = PBXFileReference; lastKnownFileType = text.plist.strings; name = en; path = en.lproj/InfoPlist.strings; sourceTree = "<group>"; };
		14C44FF2170179F9009E8DD6 /* main.m */ = {isa = PBXFileReference; lastKnownFileType = sourcecode.c.objc; path = main.m; sourceTree = "<group>"; };
		14C44FF4170179F9009E8DD6 /* GCDWebServer_Mac-Prefix.pch */ = {isa = PBXFileReference; lastKnownFileType = sourcecode.c.h; path = "GCDWebServer_Mac-Prefix.pch"; sourceTree = "<group>"; };
		14C44FF6170179F9009E8DD6 /* en */ = {isa = PBXFileReference; lastKnownFileType = text.rtf; name = en; path = en.lproj/Credits.rtf; sourceTree = "<group>"; };
		14C44FF8170179F9009E8DD6 /* AppDelegate.h */ = {isa = PBXFileReference; lastKnownFileType = sourcecode.c.h; path = AppDelegate.h; sourceTree = "<group>"; };
		14C44FF9170179F9009E8DD6 /* AppDelegate.m */ = {isa = PBXFileReference; lastKnownFileType = sourcecode.c.objc; path = AppDelegate.m; sourceTree = "<group>"; };
		14C44FFC170179FA009E8DD6 /* en */ = {isa = PBXFileReference; lastKnownFileType = file.xib; name = en; path = en.lproj/MainMenu.xib; sourceTree = "<group>"; };
		14C4500417017A7D009E8DD6 /* GCDWebServer.h */ = {isa = PBXFileReference; fileEncoding = 4; lastKnownFileType = sourcecode.c.h; path = GCDWebServer.h; sourceTree = "<group>"; };
		14C4500517017A7D009E8DD6 /* GCDWebServer.m */ = {isa = PBXFileReference; fileEncoding = 4; lastKnownFileType = sourcecode.c.objc; path = GCDWebServer.m; sourceTree = "<group>"; };
		14C4500617017A7D009E8DD6 /* GCDWebServerConnection.h */ = {isa = PBXFileReference; fileEncoding = 4; lastKnownFileType = sourcecode.c.h; path = GCDWebServerConnection.h; sourceTree = "<group>"; };
		14C4500717017A7D009E8DD6 /* GCDWebServerConnection.m */ = {isa = PBXFileReference; fileEncoding = 4; lastKnownFileType = sourcecode.c.objc; path = GCDWebServerConnection.m; sourceTree = "<group>"; };
		14C4500817017A7D009E8DD6 /* GCDWebServerPrivate.h */ = {isa = PBXFileReference; fileEncoding = 4; lastKnownFileType = sourcecode.c.h; path = GCDWebServerPrivate.h; sourceTree = "<group>"; };
		14C4500917017A7D009E8DD6 /* GCDWebServerRequest.h */ = {isa = PBXFileReference; fileEncoding = 4; lastKnownFileType = sourcecode.c.h; path = GCDWebServerRequest.h; sourceTree = "<group>"; };
		14C4500A17017A7D009E8DD6 /* GCDWebServerRequest.m */ = {isa = PBXFileReference; fileEncoding = 4; lastKnownFileType = sourcecode.c.objc; path = GCDWebServerRequest.m; sourceTree = "<group>"; };
		14C4500B17017A7D009E8DD6 /* GCDWebServerResponse.h */ = {isa = PBXFileReference; fileEncoding = 4; lastKnownFileType = sourcecode.c.h; path = GCDWebServerResponse.h; sourceTree = "<group>"; };
		14C4500C17017A7D009E8DD6 /* GCDWebServerResponse.m */ = {isa = PBXFileReference; fileEncoding = 4; lastKnownFileType = sourcecode.c.objc; path = GCDWebServerResponse.m; sourceTree = "<group>"; };
		14FDC15617023F64003EF42C /* CFNetwork.framework */ = {isa = PBXFileReference; lastKnownFileType = wrapper.framework; name = CFNetwork.framework; path = System/Library/Frameworks/CFNetwork.framework; sourceTree = SDKROOT; };
		14FDC15817023F6A003EF42C /* MobileCoreServices.framework */ = {isa = PBXFileReference; lastKnownFileType = wrapper.framework; name = MobileCoreServices.framework; path = System/Library/Frameworks/MobileCoreServices.framework; sourceTree = SDKROOT; };
/* End PBXFileReference section */

/* Begin PBXFrameworksBuildPhase section */
		144CEA361701783500FADC10 /* Frameworks */ = {
			isa = PBXFrameworksBuildPhase;
			buildActionMask = 2147483647;
			files = (
				14FDC15917023F6A003EF42C /* MobileCoreServices.framework in Frameworks */,
				14FDC15717023F64003EF42C /* CFNetwork.framework in Frameworks */,
				144CEA3D1701783500FADC10 /* UIKit.framework in Frameworks */,
				144CEA3F1701783500FADC10 /* Foundation.framework in Frameworks */,
				144CEA411701783500FADC10 /* CoreGraphics.framework in Frameworks */,
			);
			runOnlyForDeploymentPostprocessing = 0;
		};
		14C44FE2170179F9009E8DD6 /* Frameworks */ = {
			isa = PBXFrameworksBuildPhase;
			buildActionMask = 2147483647;
			files = (
				14C44FE7170179F9009E8DD6 /* Cocoa.framework in Frameworks */,
			);
			runOnlyForDeploymentPostprocessing = 0;
		};
/* End PBXFrameworksBuildPhase section */

/* Begin PBXGroup section */
		144CEA301701783500FADC10 = {
			isa = PBXGroup;
			children = (
				14C4500317017A7D009E8DD6 /* CGDWebServer */,
				144CEA421701783500FADC10 /* iOS */,
				14C44FEC170179F9009E8DD6 /* Mac */,
				144CEA3A1701783500FADC10 /* Products */,
			);
			sourceTree = "<group>";
		};
		144CEA3A1701783500FADC10 /* Products */ = {
			isa = PBXGroup;
			children = (
				144CEA391701783500FADC10 /* GCDWebServer_iOS.app */,
				14C44FE5170179F9009E8DD6 /* GCDWebServer_Mac.app */,
			);
			name = Products;
			sourceTree = "<group>";
		};
		144CEA3B1701783500FADC10 /* Frameworks */ = {
			isa = PBXGroup;
			children = (
				14FDC15817023F6A003EF42C /* MobileCoreServices.framework */,
				14FDC15617023F64003EF42C /* CFNetwork.framework */,
				144CEA3C1701783500FADC10 /* UIKit.framework */,
				144CEA3E1701783500FADC10 /* Foundation.framework */,
				144CEA401701783500FADC10 /* CoreGraphics.framework */,
			);
			name = Frameworks;
			path = ..;
			sourceTree = "<group>";
		};
		144CEA421701783500FADC10 /* iOS */ = {
			isa = PBXGroup;
			children = (
				144CEA4B1701783500FADC10 /* AppDelegate.h */,
				144CEA4C1701783500FADC10 /* AppDelegate.m */,
				144CEA541701783500FADC10 /* MainStoryboard_iPhone.storyboard */,
				144CEA571701783500FADC10 /* MainStoryboard_iPad.storyboard */,
				144CEA5A1701783500FADC10 /* ViewController.h */,
				144CEA5B1701783500FADC10 /* ViewController.m */,
				144CEA431701783500FADC10 /* Supporting Files */,
				144CEA3B1701783500FADC10 /* Frameworks */,
			);
			name = iOS;
			path = GCDWebServer_iOS;
			sourceTree = "<group>";
		};
		144CEA431701783500FADC10 /* Supporting Files */ = {
			isa = PBXGroup;
			children = (
				144CEA441701783500FADC10 /* GCDWebServer_iOS-Info.plist */,
				144CEA451701783500FADC10 /* InfoPlist.strings */,
				144CEA481701783500FADC10 /* main.m */,
				144CEA4A1701783500FADC10 /* GCDWebServer_iOS-Prefix.pch */,
				144CEA4E1701783500FADC10 /* Default.png */,
				144CEA501701783500FADC10 /* Default@2x.png */,
				144CEA521701783500FADC10 /* Default-568h@2x.png */,
			);
			name = "Supporting Files";
			sourceTree = "<group>";
		};
		14C44FEC170179F9009E8DD6 /* Mac */ = {
			isa = PBXGroup;
			children = (
				14C44FF8170179F9009E8DD6 /* AppDelegate.h */,
				14C44FF9170179F9009E8DD6 /* AppDelegate.m */,
				14C44FFB170179FA009E8DD6 /* MainMenu.xib */,
				14C44FED170179F9009E8DD6 /* Supporting Files */,
				14C4500217017A40009E8DD6 /* Frameworks */,
			);
			name = Mac;
			path = GCDWebServer_Mac;
			sourceTree = "<group>";
		};
		14C44FED170179F9009E8DD6 /* Supporting Files */ = {
			isa = PBXGroup;
			children = (
				14C44FEE170179F9009E8DD6 /* GCDWebServer_Mac-Info.plist */,
				14C44FEF170179F9009E8DD6 /* InfoPlist.strings */,
				14C44FF2170179F9009E8DD6 /* main.m */,
				14C44FF4170179F9009E8DD6 /* GCDWebServer_Mac-Prefix.pch */,
				14C44FF5170179F9009E8DD6 /* Credits.rtf */,
			);
			name = "Supporting Files";
			sourceTree = "<group>";
		};
		14C4500217017A40009E8DD6 /* Frameworks */ = {
			isa = PBXGroup;
			children = (
				14C44FE9170179F9009E8DD6 /* AppKit.framework */,
				14C44FEB170179F9009E8DD6 /* Foundation.framework */,
				14C44FE6170179F9009E8DD6 /* Cocoa.framework */,
			);
			name = Frameworks;
			sourceTree = "<group>";
		};
		14C4500317017A7D009E8DD6 /* CGDWebServer */ = {
			isa = PBXGroup;
			children = (
				14C4500417017A7D009E8DD6 /* GCDWebServer.h */,
				14C4500517017A7D009E8DD6 /* GCDWebServer.m */,
				14C4500617017A7D009E8DD6 /* GCDWebServerConnection.h */,
				14C4500717017A7D009E8DD6 /* GCDWebServerConnection.m */,
				14C4500817017A7D009E8DD6 /* GCDWebServerPrivate.h */,
				14C4500917017A7D009E8DD6 /* GCDWebServerRequest.h */,
				14C4500A17017A7D009E8DD6 /* GCDWebServerRequest.m */,
				14C4500B17017A7D009E8DD6 /* GCDWebServerResponse.h */,
				14C4500C17017A7D009E8DD6 /* GCDWebServerResponse.m */,
			);
			path = CGDWebServer;
			sourceTree = "<group>";
		};
/* End PBXGroup section */

/* Begin PBXNativeTarget section */
		144CEA381701783500FADC10 /* GCDWebServer_iOS */ = {
			isa = PBXNativeTarget;
			buildConfigurationList = 144CEA5F1701783500FADC10 /* Build configuration list for PBXNativeTarget "GCDWebServer_iOS" */;
			buildPhases = (
				144CEA351701783500FADC10 /* Sources */,
				144CEA361701783500FADC10 /* Frameworks */,
				144CEA371701783500FADC10 /* Resources */,
			);
			buildRules = (
			);
			dependencies = (
			);
			name = GCDWebServer_iOS;
			productName = GCDWebServer_iOS;
			productReference = 144CEA391701783500FADC10 /* GCDWebServer_iOS.app */;
			productType = "com.apple.product-type.application";
		};
		14C44FE4170179F9009E8DD6 /* GCDWebServer_Mac */ = {
			isa = PBXNativeTarget;
			buildConfigurationList = 14C45000170179FA009E8DD6 /* Build configuration list for PBXNativeTarget "GCDWebServer_Mac" */;
			buildPhases = (
				14C44FE1170179F9009E8DD6 /* Sources */,
				14C44FE2170179F9009E8DD6 /* Frameworks */,
				14C44FE3170179F9009E8DD6 /* Resources */,
			);
			buildRules = (
			);
			dependencies = (
			);
			name = GCDWebServer_Mac;
			productName = GCDWebServer_Mac;
			productReference = 14C44FE5170179F9009E8DD6 /* GCDWebServer_Mac.app */;
			productType = "com.apple.product-type.application";
		};
/* End PBXNativeTarget section */

/* Begin PBXProject section */
		144CEA311701783500FADC10 /* Project object */ = {
			isa = PBXProject;
			attributes = {
				LastUpgradeCheck = 0460;
				ORGANIZATIONNAME = sonson;
			};
			buildConfigurationList = 144CEA341701783500FADC10 /* Build configuration list for PBXProject "GCDWebServer_iOS" */;
			compatibilityVersion = "Xcode 3.2";
			developmentRegion = English;
			hasScannedForEncodings = 0;
			knownRegions = (
				en,
			);
			mainGroup = 144CEA301701783500FADC10;
			productRefGroup = 144CEA3A1701783500FADC10 /* Products */;
			projectDirPath = "";
			projectRoot = "";
			targets = (
				144CEA381701783500FADC10 /* GCDWebServer_iOS */,
				14C44FE4170179F9009E8DD6 /* GCDWebServer_Mac */,
			);
		};
/* End PBXProject section */

/* Begin PBXResourcesBuildPhase section */
		144CEA371701783500FADC10 /* Resources */ = {
			isa = PBXResourcesBuildPhase;
			buildActionMask = 2147483647;
			files = (
				144CEA471701783500FADC10 /* InfoPlist.strings in Resources */,
				144CEA4F1701783500FADC10 /* Default.png in Resources */,
				144CEA511701783500FADC10 /* Default@2x.png in Resources */,
				144CEA531701783500FADC10 /* Default-568h@2x.png in Resources */,
				144CEA561701783500FADC10 /* MainStoryboard_iPhone.storyboard in Resources */,
				144CEA591701783500FADC10 /* MainStoryboard_iPad.storyboard in Resources */,
			);
			runOnlyForDeploymentPostprocessing = 0;
		};
		14C44FE3170179F9009E8DD6 /* Resources */ = {
			isa = PBXResourcesBuildPhase;
			buildActionMask = 2147483647;
			files = (
				14C44FF1170179F9009E8DD6 /* InfoPlist.strings in Resources */,
				14C44FF7170179F9009E8DD6 /* Credits.rtf in Resources */,
				14C44FFD170179FA009E8DD6 /* MainMenu.xib in Resources */,
			);
			runOnlyForDeploymentPostprocessing = 0;
		};
/* End PBXResourcesBuildPhase section */

/* Begin PBXSourcesBuildPhase section */
		144CEA351701783500FADC10 /* Sources */ = {
			isa = PBXSourcesBuildPhase;
			buildActionMask = 2147483647;
			files = (
				144CEA491701783500FADC10 /* main.m in Sources */,
				144CEA4D1701783500FADC10 /* AppDelegate.m in Sources */,
				144CEA5C1701783500FADC10 /* ViewController.m in Sources */,
				14C4500D17017A7D009E8DD6 /* GCDWebServer.m in Sources */,
				14C4500F17017A7D009E8DD6 /* GCDWebServerConnection.m in Sources */,
				14C4501117017A7D009E8DD6 /* GCDWebServerRequest.m in Sources */,
				14C4501317017A7D009E8DD6 /* GCDWebServerResponse.m in Sources */,
			);
			runOnlyForDeploymentPostprocessing = 0;
		};
		14C44FE1170179F9009E8DD6 /* Sources */ = {
			isa = PBXSourcesBuildPhase;
			buildActionMask = 2147483647;
			files = (
				14C44FF3170179F9009E8DD6 /* main.m in Sources */,
				14C44FFA170179F9009E8DD6 /* AppDelegate.m in Sources */,
				14C4500E17017A7D009E8DD6 /* GCDWebServer.m in Sources */,
				14C4501017017A7D009E8DD6 /* GCDWebServerConnection.m in Sources */,
				14C4501217017A7D009E8DD6 /* GCDWebServerRequest.m in Sources */,
				14C4501417017A7D009E8DD6 /* GCDWebServerResponse.m in Sources */,
			);
			runOnlyForDeploymentPostprocessing = 0;
		};
/* End PBXSourcesBuildPhase section */

/* Begin PBXVariantGroup section */
		144CEA451701783500FADC10 /* InfoPlist.strings */ = {
			isa = PBXVariantGroup;
			children = (
				144CEA461701783500FADC10 /* en */,
			);
			name = InfoPlist.strings;
			sourceTree = "<group>";
		};
		144CEA541701783500FADC10 /* MainStoryboard_iPhone.storyboard */ = {
			isa = PBXVariantGroup;
			children = (
				144CEA551701783500FADC10 /* en */,
			);
			name = MainStoryboard_iPhone.storyboard;
			sourceTree = "<group>";
		};
		144CEA571701783500FADC10 /* MainStoryboard_iPad.storyboard */ = {
			isa = PBXVariantGroup;
			children = (
				144CEA581701783500FADC10 /* en */,
			);
			name = MainStoryboard_iPad.storyboard;
			sourceTree = "<group>";
		};
		14C44FEF170179F9009E8DD6 /* InfoPlist.strings */ = {
			isa = PBXVariantGroup;
			children = (
				14C44FF0170179F9009E8DD6 /* en */,
			);
			name = InfoPlist.strings;
			sourceTree = "<group>";
		};
		14C44FF5170179F9009E8DD6 /* Credits.rtf */ = {
			isa = PBXVariantGroup;
			children = (
				14C44FF6170179F9009E8DD6 /* en */,
			);
			name = Credits.rtf;
			sourceTree = "<group>";
		};
		14C44FFB170179FA009E8DD6 /* MainMenu.xib */ = {
			isa = PBXVariantGroup;
			children = (
				14C44FFC170179FA009E8DD6 /* en */,
			);
			name = MainMenu.xib;
			sourceTree = "<group>";
		};
/* End PBXVariantGroup section */

/* Begin XCBuildConfiguration section */
		144CEA5D1701783500FADC10 /* Debug */ = {
			isa = XCBuildConfiguration;
			buildSettings = {
				ALWAYS_SEARCH_USER_PATHS = NO;
				CLANG_CXX_LANGUAGE_STANDARD = "gnu++0x";
				CLANG_CXX_LIBRARY = "libc++";
				CLANG_ENABLE_OBJC_ARC = YES;
				CLANG_WARN_CONSTANT_CONVERSION = YES;
				CLANG_WARN_EMPTY_BODY = YES;
				CLANG_WARN_ENUM_CONVERSION = YES;
				CLANG_WARN_INT_CONVERSION = YES;
				CLANG_WARN__DUPLICATE_METHOD_MATCH = YES;
				"CODE_SIGN_IDENTITY[sdk=iphoneos*]" = "iPhone Developer";
				COPY_PHASE_STRIP = NO;
				GCC_C_LANGUAGE_STANDARD = gnu99;
				GCC_DYNAMIC_NO_PIC = NO;
				GCC_OPTIMIZATION_LEVEL = 0;
				GCC_PREPROCESSOR_DEFINITIONS = (
					"DEBUG=1",
					"$(inherited)",
				);
				GCC_SYMBOLS_PRIVATE_EXTERN = NO;
				GCC_WARN_ABOUT_RETURN_TYPE = YES;
				GCC_WARN_UNINITIALIZED_AUTOS = YES;
				GCC_WARN_UNUSED_VARIABLE = YES;
				IPHONEOS_DEPLOYMENT_TARGET = 6.1;
				ONLY_ACTIVE_ARCH = YES;
				SDKROOT = iphoneos;
				TARGETED_DEVICE_FAMILY = "1,2";
			};
			name = Debug;
		};
		144CEA5E1701783500FADC10 /* Release */ = {
			isa = XCBuildConfiguration;
			buildSettings = {
				ALWAYS_SEARCH_USER_PATHS = NO;
				CLANG_CXX_LANGUAGE_STANDARD = "gnu++0x";
				CLANG_CXX_LIBRARY = "libc++";
				CLANG_ENABLE_OBJC_ARC = YES;
				CLANG_WARN_CONSTANT_CONVERSION = YES;
				CLANG_WARN_EMPTY_BODY = YES;
				CLANG_WARN_ENUM_CONVERSION = YES;
				CLANG_WARN_INT_CONVERSION = YES;
				CLANG_WARN__DUPLICATE_METHOD_MATCH = YES;
				"CODE_SIGN_IDENTITY[sdk=iphoneos*]" = "iPhone Developer";
				COPY_PHASE_STRIP = YES;
				GCC_C_LANGUAGE_STANDARD = gnu99;
				GCC_WARN_ABOUT_RETURN_TYPE = YES;
				GCC_WARN_UNINITIALIZED_AUTOS = YES;
				GCC_WARN_UNUSED_VARIABLE = YES;
				IPHONEOS_DEPLOYMENT_TARGET = 6.1;
				OTHER_CFLAGS = "-DNS_BLOCK_ASSERTIONS=1";
				SDKROOT = iphoneos;
				TARGETED_DEVICE_FAMILY = "1,2";
				VALIDATE_PRODUCT = YES;
			};
			name = Release;
		};
		144CEA601701783500FADC10 /* Debug */ = {
			isa = XCBuildConfiguration;
			buildSettings = {
				GCC_PRECOMPILE_PREFIX_HEADER = YES;
				GCC_PREFIX_HEADER = "GCDWebServer_iOS/GCDWebServer_iOS-Prefix.pch";
				INFOPLIST_FILE = "GCDWebServer_iOS/GCDWebServer_iOS-Info.plist";
				PRODUCT_NAME = "$(TARGET_NAME)";
				WRAPPER_EXTENSION = app;
			};
			name = Debug;
		};
		144CEA611701783500FADC10 /* Release */ = {
			isa = XCBuildConfiguration;
			buildSettings = {
				GCC_PRECOMPILE_PREFIX_HEADER = YES;
				GCC_PREFIX_HEADER = "GCDWebServer_iOS/GCDWebServer_iOS-Prefix.pch";
				INFOPLIST_FILE = "GCDWebServer_iOS/GCDWebServer_iOS-Info.plist";
				PRODUCT_NAME = "$(TARGET_NAME)";
				WRAPPER_EXTENSION = app;
			};
			name = Release;
		};
		14C44FFE170179FA009E8DD6 /* Debug */ = {
			isa = XCBuildConfiguration;
			buildSettings = {
				ARCHS = "$(ARCHS_STANDARD_64_BIT)";
				COMBINE_HIDPI_IMAGES = YES;
				FRAMEWORK_SEARCH_PATHS = (
					"$(inherited)",
					"\"$(SYSTEM_APPS_DIR)/Xcode.app/Contents/Developer/Library/Frameworks\"",
				);
				GCC_ENABLE_OBJC_EXCEPTIONS = YES;
				GCC_PRECOMPILE_PREFIX_HEADER = YES;
				GCC_PREFIX_HEADER = "GCDWebServer_Mac/GCDWebServer_Mac-Prefix.pch";
				GCC_WARN_64_TO_32_BIT_CONVERSION = YES;
				INFOPLIST_FILE = "GCDWebServer_Mac/GCDWebServer_Mac-Info.plist";
				MACOSX_DEPLOYMENT_TARGET = 10.8;
				PRODUCT_NAME = "$(TARGET_NAME)";
				SDKROOT = macosx;
				WRAPPER_EXTENSION = app;
			};
			name = Debug;
		};
		14C44FFF170179FA009E8DD6 /* Release */ = {
			isa = XCBuildConfiguration;
			buildSettings = {
				ARCHS = "$(ARCHS_STANDARD_64_BIT)";
				COMBINE_HIDPI_IMAGES = YES;
				DEBUG_INFORMATION_FORMAT = "dwarf-with-dsym";
				FRAMEWORK_SEARCH_PATHS = (
					"$(inherited)",
					"\"$(SYSTEM_APPS_DIR)/Xcode.app/Contents/Developer/Library/Frameworks\"",
				);
				GCC_ENABLE_OBJC_EXCEPTIONS = YES;
				GCC_PRECOMPILE_PREFIX_HEADER = YES;
				GCC_PREFIX_HEADER = "GCDWebServer_Mac/GCDWebServer_Mac-Prefix.pch";
				GCC_WARN_64_TO_32_BIT_CONVERSION = YES;
				INFOPLIST_FILE = "GCDWebServer_Mac/GCDWebServer_Mac-Info.plist";
				MACOSX_DEPLOYMENT_TARGET = 10.8;
				PRODUCT_NAME = "$(TARGET_NAME)";
				SDKROOT = macosx;
				WRAPPER_EXTENSION = app;
			};
			name = Release;
		};
/* End XCBuildConfiguration section */

/* Begin XCConfigurationList section */
		144CEA341701783500FADC10 /* Build configuration list for PBXProject "GCDWebServer_iOS" */ = {
			isa = XCConfigurationList;
			buildConfigurations = (
				144CEA5D1701783500FADC10 /* Debug */,
				144CEA5E1701783500FADC10 /* Release */,
			);
			defaultConfigurationIsVisible = 0;
			defaultConfigurationName = Release;
		};
		144CEA5F1701783500FADC10 /* Build configuration list for PBXNativeTarget "GCDWebServer_iOS" */ = {
			isa = XCConfigurationList;
			buildConfigurations = (
				144CEA601701783500FADC10 /* Debug */,
				144CEA611701783500FADC10 /* Release */,
			);
			defaultConfigurationIsVisible = 0;
			defaultConfigurationName = Release;
		};
		14C45000170179FA009E8DD6 /* Build configuration list for PBXNativeTarget "GCDWebServer_Mac" */ = {
			isa = XCConfigurationList;
			buildConfigurations = (
				14C44FFE170179FA009E8DD6 /* Debug */,
				14C44FFF170179FA009E8DD6 /* Release */,
			);
			defaultConfigurationIsVisible = 0;
			defaultConfigurationName = Release;
		};
/* End XCConfigurationList section */
	};
	rootObject = 144CEA311701783500FADC10 /* Project object */;
}
